
Microsoft Visual Studio Solution File, Format Version 12.00
# Visual Studio Version 17
VisualStudioVersion = 17.8.34330.188
MinimumVisualStudioVersion = 10.0.40219.1
Project("{FAE04EC0-301F-11D3-BF4B-00C04F79EFBC}") = "6feladat", "6feladat\6feladat.csproj", "{2BFD6F57-1C0A-4441-AAFC-515AFB0A1D0F}"
EndProject
Global
	GlobalSection(SolutionConfigurationPlatforms) = preSolution
		Debug|Any CPU = Debug|Any CPU
		Release|Any CPU = Release|Any CPU
	EndGlobalSection
	GlobalSection(ProjectConfigurationPlatforms) = postSolution
		{2BFD6F57-1C0A-4441-AAFC-515AFB0A1D0F}.Debug|Any CPU.ActiveCfg = Debug|Any CPU
		{2BFD6F57-1C0A-4441-AAFC-515AFB0A1D0F}.Debug|Any CPU.Build.0 = Debug|Any CPU
		{2BFD6F57-1C0A-4441-AAFC-515AFB0A1D0F}.Release|Any CPU.ActiveCfg = Release|Any CPU
		{2BFD6F57-1C0A-4441-AAFC-515AFB0A1D0F}.Release|Any CPU.Build.0 = Release|Any CPU
	EndGlobalSection
	GlobalSection(SolutionProperties) = preSolution
		HideSolutionNode = FALSE
	EndGlobalSection
	GlobalSection(ExtensibilityGlobals) = postSolution
		SolutionGuid = {28376174-273A-4003-908F-88087ED512FA}
	EndGlobalSection
EndGlobal
